
Microsoft Visual Studio Solution File, Format Version 12.00
# Visual Studio 15
VisualStudioVersion = 15.0.27130.0
MinimumVisualStudioVersion = 10.0.40219.1
Project("{8BC9CEB8-8B4A-11D0-8D11-00A0C91BC942}") = "Rabota4", "Rabota4\Rabota4.vcxproj", "{EDF27458-E585-4007-AFAE-3291BF91A902}"
EndProject
Global
	GlobalSection(SolutionConfigurationPlatforms) = preSolution
		Debug|x64 = Debug|x64
		Debug|x86 = Debug|x86
		Release|x64 = Release|x64
		Release|x86 = Release|x86
	EndGlobalSection
	GlobalSection(ProjectConfigurationPlatforms) = postSolution
		{EDF27458-E585-4007-AFAE-3291BF91A902}.Debug|x64.ActiveCfg = Debug|x64
		{EDF27458-E585-4007-AFAE-3291BF91A902}.Debug|x64.Build.0 = Debug|x64
		{EDF27458-E585-4007-AFAE-3291BF91A902}.Debug|x86.ActiveCfg = Debug|Win32
		{EDF27458-E585-4007-AFAE-3291BF91A902}.Debug|x86.Build.0 = Debug|Win32
		{EDF27458-E585-4007-AFAE-3291BF91A902}.Release|x64.ActiveCfg = Release|x64
		{EDF27458-E585-4007-AFAE-3291BF91A902}.Release|x64.Build.0 = Release|x64
		{EDF27458-E585-4007-AFAE-3291BF91A902}.Release|x86.ActiveCfg = Release|Win32
		{EDF27458-E585-4007-AFAE-3291BF91A902}.Release|x86.Build.0 = Release|Win32
	EndGlobalSection
	GlobalSection(SolutionProperties) = preSolution
		HideSolutionNode = FALSE
	EndGlobalSection
	GlobalSection(ExtensibilityGlobals) = postSolution
		SolutionGuid = {B3CFB6FA-D6E9-4433-86C5-2E14FAB6BE31}
	EndGlobalSection
EndGlobal
